{
  "name": "rhiza-agents-frontend",
  "lockfileVersion": 3,
  "requires": true,
  "packages": {
    "": {
      "name": "rhiza-agents-frontend",
      "dependencies": {
        "@lumino/commands": "^2.3.3",
        "@lumino/default-theme": "^2.1.14",
        "@lumino/widgets": "^2.7.5",
        "font-awesome": "^4.7.0",
        "highlight.js": "^11.0.0",
        "hyparquet": "^1.25.1",
        "marked": "^17.0.0",
        "marked-highlight": "^2.0.0"
      },
      "devDependencies": {
        "esbuild": "^0.25.0",
        "typescript": "^5.8.0"
      }
    },
    "node_modules/@esbuild/aix-ppc64": {
      "version": "0.25.12",
      "resolved": "https://registry.npmjs.org/@esbuild/aix-ppc64/-/aix-ppc64-0.25.12.tgz",
      "integrity": "sha512-Hhmwd6CInZ3dwpuGTF8fJG6yoWmsToE+vYgD4nytZVxcu1ulHpUQRAB1UJ8+N1Am3Mz4+xOByoQoSZf4D+CpkA==",
      "cpu": [
        "ppc64"
      ],
      "dev": true,
      "license": "MIT",
      "optional": true,
      "os": [
        "aix"
      ],
      "engines": {
        "node": ">=18"
      }
    },
    "node_modules/@esbuild/android-arm": {
      "version": "0.25.12",
      "resolved": "https://registry.npmjs.org/@esbuild/android-arm/-/android-arm-0.25.12.tgz",
      "integrity": "sha512-VJ+sKvNA/GE7Ccacc9Cha7bpS8nyzVv0jdVgwNDaR4gDMC/2TTRc33Ip8qrNYUcpkOHUT5OZ0bUcNNVZQ9RLlg==",
      "cpu": [
        "arm"
      ],
      "dev": true,
      "license": "MIT",
      "optional": true,
      "os": [
        "android"
      ],
      "engines": {
        "node": ">=18"
      }
    },
    "node_modules/@esbuild/android-arm64": {
      "version": "0.25.12",
      "resolved": "https://registry.npmjs.org/@esbuild/android-arm64/-/android-arm64-0.25.12.tgz",
      "integrity": "sha512-6AAmLG7zwD1Z159jCKPvAxZd4y/VTO0VkprYy+3N2FtJ8+BQWFXU+OxARIwA46c5tdD9SsKGZ/1ocqBS/gAKHg==",
      "cpu": [
        "arm64"
      ],
      "dev": true,
      "license": "MIT",
      "optional": true,
      "os": [
        "android"
      ],
      "engines": {
        "node": ">=18"
      }
    },
    "node_modules/@esbuild/android-x64": {
      "version": "0.25.12",
      "resolved": "https://registry.npmjs.org/@esbuild/android-x64/-/android-x64-0.25.12.tgz",
      "integrity": "sha512-5jbb+2hhDHx5phYR2By8GTWEzn6I9UqR11Kwf22iKbNpYrsmRB18aX/9ivc5cabcUiAT/wM+YIZ6SG9QO6a8kg==",
      "cpu": [
        "x64"
      ],
      "dev": true,
      "license": "MIT",
      "optional": true,
      "os": [
        "android"
      ],
      "engines": {
        "node": ">=18"
      }
    },
    "node_modules/@esbuild/darwin-arm64": {
      "version": "0.25.12",
      "resolved": "https://registry.npmjs.org/@esbuild/darwin-arm64/-/darwin-arm64-0.25.12.tgz",
      "integrity": "sha512-N3zl+lxHCifgIlcMUP5016ESkeQjLj/959RxxNYIthIg+CQHInujFuXeWbWMgnTo4cp5XVHqFPmpyu9J65C1Yg==",
      "cpu": [
        "arm64"
      ],
      "dev": true,
      "license": "MIT",
      "optional": true,
      "os": [
        "darwin"
      ],
      "engines": {
        "node": ">=18"
      }
    },
    "node_modules/@esbuild/darwin-x64": {
      "version": "0.25.12",
      "resolved": "https://registry.npmjs.org/@esbuild/darwin-x64/-/darwin-x64-0.25.12.tgz",
      "integrity": "sha512-HQ9ka4Kx21qHXwtlTUVbKJOAnmG1ipXhdWTmNXiPzPfWKpXqASVcWdnf2bnL73wgjNrFXAa3yYvBSd9pzfEIpA==",
      "cpu": [
        "x64"
      ],
      "dev": true,
      "license": "MIT",
      "optional": true,
      "os": [
        "darwin"
      ],
      "engines": {
        "node": ">=18"
      }
    },
    "node_modules/@esbuild/freebsd-arm64": {
      "version": "0.25.12",
      "resolved": "https://registry.npmjs.org/@esbuild/freebsd-arm64/-/freebsd-arm64-0.25.12.tgz",
      "integrity": "sha512-gA0Bx759+7Jve03K1S0vkOu5Lg/85dou3EseOGUes8flVOGxbhDDh/iZaoek11Y8mtyKPGF3vP8XhnkDEAmzeg==",
      "cpu": [
        "arm64"
      ],
      "dev": true,
      "license": "MIT",
      "optional": true,
      "os": [
        "freebsd"
      ],
      "engines": {
        "node": ">=18"
      }
    },
    "node_modules/@esbuild/freebsd-x64": {
      "version": "0.25.12",
      "resolved": "https://registry.npmjs.org/@esbuild/freebsd-x64/-/freebsd-x64-0.25.12.tgz",
      "integrity": "sha512-TGbO26Yw2xsHzxtbVFGEXBFH0FRAP7gtcPE7P5yP7wGy7cXK2oO7RyOhL5NLiqTlBh47XhmIUXuGciXEqYFfBQ==",
      "cpu": [
        "x64"
      ],
      "dev": true,
      "license": "MIT",
      "optional": true,
      "os": [
        "freebsd"
      ],
      "engines": {
        "node": ">=18"
      }
    },
    "node_modules/@esbuild/linux-arm": {
      "version": "0.25.12",
      "resolved": "https://registry.npmjs.org/@esbuild/linux-arm/-/linux-arm-0.25.12.tgz",
      "integrity": "sha512-lPDGyC1JPDou8kGcywY0YILzWlhhnRjdof3UlcoqYmS9El818LLfJJc3PXXgZHrHCAKs/Z2SeZtDJr5MrkxtOw==",
      "cpu": [
        "arm"
      ],
      "dev": true,
      "license": "MIT",
      "optional": true,
      "os": [
        "linux"
      ],
      "engines": {
        "node": ">=18"
      }
    },
    "node_modules/@esbuild/linux-arm64": {
      "version": "0.25.12",
      "resolved": "https://registry.npmjs.org/@esbuild/linux-arm64/-/linux-arm64-0.25.12.tgz",
      "integrity": "sha512-8bwX7a8FghIgrupcxb4aUmYDLp8pX06rGh5HqDT7bB+8Rdells6mHvrFHHW2JAOPZUbnjUpKTLg6ECyzvas2AQ==",
      "cpu": [
        "arm64"
      ],
      "dev": true,
      "license": "MIT",
      "optional": true,
      "os": [
        "linux"
      ],
      "engines": {
        "node": ">=18"
      }
    },
    "node_modules/@esbuild/linux-ia32": {
      "version": "0.25.12",
      "resolved": "https://registry.npmjs.org/@esbuild/linux-ia32/-/linux-ia32-0.25.12.tgz",
      "integrity": "sha512-0y9KrdVnbMM2/vG8KfU0byhUN+EFCny9+8g202gYqSSVMonbsCfLjUO+rCci7pM0WBEtz+oK/PIwHkzxkyharA==",
      "cpu": [
        "ia32"
      ],
      "dev": true,
      "license": "MIT",
      "optional": true,
      "os": [
        "linux"
      ],
      "engines": {
        "node": ">=18"
      }
    },
    "node_modules/@esbuild/linux-loong64": {
      "version": "0.25.12",
      "resolved": "https://registry.npmjs.org/@esbuild/linux-loong64/-/linux-loong64-0.25.12.tgz",
      "integrity": "sha512-h///Lr5a9rib/v1GGqXVGzjL4TMvVTv+s1DPoxQdz7l/AYv6LDSxdIwzxkrPW438oUXiDtwM10o9PmwS/6Z0Ng==",
      "cpu": [
        "loong64"
      ],
      "dev": true,
      "license": "MIT",
      "optional": true,
      "os": [
        "linux"
      ],
      "engines": {
        "node": ">=18"
      }
    },
    "node_modules/@esbuild/linux-mips64el": {
      "version": "0.25.12",
      "resolved": "https://registry.npmjs.org/@esbuild/linux-mips64el/-/linux-mips64el-0.25.12.tgz",
      "integrity": "sha512-iyRrM1Pzy9GFMDLsXn1iHUm18nhKnNMWscjmp4+hpafcZjrr2WbT//d20xaGljXDBYHqRcl8HnxbX6uaA/eGVw==",
      "cpu": [
        "mips64el"
      ],
      "dev": true,
      "license": "MIT",
      "optional": true,
      "os": [
        "linux"
      ],
      "engines": {
        "node": ">=18"
      }
    },
    "node_modules/@esbuild/linux-ppc64": {
      "version": "0.25.12",
      "resolved": "https://registry.npmjs.org/@esbuild/linux-ppc64/-/linux-ppc64-0.25.12.tgz",
      "integrity": "sha512-9meM/lRXxMi5PSUqEXRCtVjEZBGwB7P/D4yT8UG/mwIdze2aV4Vo6U5gD3+RsoHXKkHCfSxZKzmDssVlRj1QQA==",
      "cpu": [
        "ppc64"
      ],
      "dev": true,
      "license": "MIT",
      "optional": true,
      "os": [
        "linux"
      ],
      "engines": {
        "node": ">=18"
      }
    },
    "node_modules/@esbuild/linux-riscv64": {
      "version": "0.25.12",
      "resolved": "https://registry.npmjs.org/@esbuild/linux-riscv64/-/linux-riscv64-0.25.12.tgz",
      "integrity": "sha512-Zr7KR4hgKUpWAwb1f3o5ygT04MzqVrGEGXGLnj15YQDJErYu/BGg+wmFlIDOdJp0PmB0lLvxFIOXZgFRrdjR0w==",
      "cpu": [
        "riscv64"
      ],
      "dev": true,
      "license": "MIT",
      "optional": true,
      "os": [
        "linux"
      ],
      "engines": {
        "node": ">=18"
      }
    },
    "node_modules/@esbuild/linux-s390x": {
      "version": "0.25.12",
      "resolved": "https://registry.npmjs.org/@esbuild/linux-s390x/-/linux-s390x-0.25.12.tgz",
      "integrity": "sha512-MsKncOcgTNvdtiISc/jZs/Zf8d0cl/t3gYWX8J9ubBnVOwlk65UIEEvgBORTiljloIWnBzLs4qhzPkJcitIzIg==",
      "cpu": [
        "s390x"
      ],
      "dev": true,
      "license": "MIT",
      "optional": true,
      "os": [
        "linux"
      ],
      "engines": {
        "node": ">=18"
      }
    },
    "node_modules/@esbuild/linux-x64": {
      "version": "0.25.12",
      "resolved": "https://registry.npmjs.org/@esbuild/linux-x64/-/linux-x64-0.25.12.tgz",
      "integrity": "sha512-uqZMTLr/zR/ed4jIGnwSLkaHmPjOjJvnm6TVVitAa08SLS9Z0VM8wIRx7gWbJB5/J54YuIMInDquWyYvQLZkgw==",
      "cpu": [
        "x64"
      ],
      "dev": true,
      "license": "MIT",
      "optional": true,
      "os": [
        "linux"
      ],
      "engines": {
        "node": ">=18"
      }
    },
    "node_modules/@esbuild/netbsd-arm64": {
      "version": "0.25.12",
      "resolved": "https://registry.npmjs.org/@esbuild/netbsd-arm64/-/netbsd-arm64-0.25.12.tgz",
      "integrity": "sha512-xXwcTq4GhRM7J9A8Gv5boanHhRa/Q9KLVmcyXHCTaM4wKfIpWkdXiMog/KsnxzJ0A1+nD+zoecuzqPmCRyBGjg==",
      "cpu": [
        "arm64"
      ],
      "dev": true,
      "license": "MIT",
      "optional": true,
      "os": [
        "netbsd"
      ],
      "engines": {
        "node": ">=18"
      }
    },
    "node_modules/@esbuild/netbsd-x64": {
      "version": "0.25.12",
      "resolved": "https://registry.npmjs.org/@esbuild/netbsd-x64/-/netbsd-x64-0.25.12.tgz",
      "integrity": "sha512-Ld5pTlzPy3YwGec4OuHh1aCVCRvOXdH8DgRjfDy/oumVovmuSzWfnSJg+VtakB9Cm0gxNO9BzWkj6mtO1FMXkQ==",
      "cpu": [
        "x64"
      ],
      "dev": true,
      "license": "MIT",
      "optional": true,
      "os": [
        "netbsd"
      ],
      "engines": {
        "node": ">=18"
      }
    },
    "node_modules/@esbuild/openbsd-arm64": {
      "version": "0.25.12",
      "resolved": "https://registry.npmjs.org/@esbuild/openbsd-arm64/-/openbsd-arm64-0.25.12.tgz",
      "integrity": "sha512-fF96T6KsBo/pkQI950FARU9apGNTSlZGsv1jZBAlcLL1MLjLNIWPBkj5NlSz8aAzYKg+eNqknrUJ24QBybeR5A==",
      "cpu": [
        "arm64"
      ],
      "dev": true,
      "license": "MIT",
      "optional": true,
      "os": [
        "openbsd"
      ],
      "engines": {
        "node": ">=18"
      }
    },
    "node_modules/@esbuild/openbsd-x64": {
      "version": "0.25.12",
      "resolved": "https://registry.npmjs.org/@esbuild/openbsd-x64/-/openbsd-x64-0.25.12.tgz",
      "integrity": "sha512-MZyXUkZHjQxUvzK7rN8DJ3SRmrVrke8ZyRusHlP+kuwqTcfWLyqMOE3sScPPyeIXN/mDJIfGXvcMqCgYKekoQw==",
      "cpu": [
        "x64"
      ],
      "dev": true,
      "license": "MIT",
      "optional": true,
      "os": [
        "openbsd"
      ],
      "engines": {
        "node": ">=18"
      }
    },
    "node_modules/@esbuild/openharmony-arm64": {
      "version": "0.25.12",
      "resolved": "https://registry.npmjs.org/@esbuild/openharmony-arm64/-/openharmony-arm64-0.25.12.tgz",
      "integrity": "sha512-rm0YWsqUSRrjncSXGA7Zv78Nbnw4XL6/dzr20cyrQf7ZmRcsovpcRBdhD43Nuk3y7XIoW2OxMVvwuRvk9XdASg==",
      "cpu": [
        "arm64"
      ],
      "dev": true,
      "license": "MIT",
      "optional": true,
      "os": [
        "openharmony"
      ],
      "engines": {
        "node": ">=18"
      }
    },
    "node_modules/@esbuild/sunos-x64": {
      "version": "0.25.12",
      "resolved": "https://registry.npmjs.org/@esbuild/sunos-x64/-/sunos-x64-0.25.12.tgz",
      "integrity": "sha512-3wGSCDyuTHQUzt0nV7bocDy72r2lI33QL3gkDNGkod22EsYl04sMf0qLb8luNKTOmgF/eDEDP5BFNwoBKH441w==",
      "cpu": [
        "x64"
      ],
      "dev": true,
      "license": "MIT",
      "optional": true,
      "os": [
        "sunos"
      ],
      "engines": {
        "node": ">=18"
      }
    },
    "node_modules/@esbuild/win32-arm64": {
      "version": "0.25.12",
      "resolved": "https://registry.npmjs.org/@esbuild/win32-arm64/-/win32-arm64-0.25.12.tgz",
      "integrity": "sha512-rMmLrur64A7+DKlnSuwqUdRKyd3UE7oPJZmnljqEptesKM8wx9J8gx5u0+9Pq0fQQW8vqeKebwNXdfOyP+8Bsg==",
      "cpu": [
        "arm64"
      ],
      "dev": true,
      "license": "MIT",
      "optional": true,
      "os": [
        "win32"
      ],
      "engines": {
        "node": ">=18"
      }
    },
    "node_modules/@esbuild/win32-ia32": {
      "version": "0.25.12",
      "resolved": "https://registry.npmjs.org/@esbuild/win32-ia32/-/win32-ia32-0.25.12.tgz",
      "integrity": "sha512-HkqnmmBoCbCwxUKKNPBixiWDGCpQGVsrQfJoVGYLPT41XWF8lHuE5N6WhVia2n4o5QK5M4tYr21827fNhi4byQ==",
      "cpu": [
        "ia32"
      ],
      "dev": true,
      "license": "MIT",
      "optional": true,
      "os": [
        "win32"
      ],
      "engines": {
        "node": ">=18"
      }
    },
    "node_modules/@esbuild/win32-x64": {
      "version": "0.25.12",
      "resolved": "https://registry.npmjs.org/@esbuild/win32-x64/-/win32-x64-0.25.12.tgz",
      "integrity": "sha512-alJC0uCZpTFrSL0CCDjcgleBXPnCrEAhTBILpeAp7M/OFgoqtAetfBzX0xM00MUsVVPpVjlPuMbREqnZCXaTnA==",
      "cpu": [
        "x64"
      ],
      "dev": true,
      "license": "MIT",
      "optional": true,
      "os": [
        "win32"
      ],
      "engines": {
        "node": ">=18"
      }
    },
    "node_modules/@lumino/algorithm": {
      "version": "2.0.4",
      "resolved": "https://registry.npmjs.org/@lumino/algorithm/-/algorithm-2.0.4.tgz",
      "integrity": "sha512-gddBhESPqu25KWLeAK9Kz8tS9Ph7P45i0CNG7Ia4XMhK9PHLtTsBdJTC9jP+MqhbzC8zDT/4ekvYRV9ojRPj7Q==",
      "license": "BSD-3-Clause"
    },
    "node_modules/@lumino/collections": {
      "version": "2.0.4",
      "resolved": "https://registry.npmjs.org/@lumino/collections/-/collections-2.0.4.tgz",
      "integrity": "sha512-D/Py9L5HET6+XUYGxFqDEEth4B65X2c7B/GQVRR8q5Fl7EArVL6e98ZXw8BMkuPcTNa0zlENpCKXzlcoJZxXgQ==",
      "license": "BSD-3-Clause",
      "dependencies": {
        "@lumino/algorithm": "^2.0.4"
      }
    },
    "node_modules/@lumino/commands": {
      "version": "2.3.3",
      "resolved": "https://registry.npmjs.org/@lumino/commands/-/commands-2.3.3.tgz",
      "integrity": "sha512-7Ci0QdFzt4NKFMhULr19sJPpOLHJw/oYlq6Pb0/Kq1s05+cIoLimr5wiyjkbAlNoGO/8A8SEBGHy3uctZz6G3A==",
      "license": "BSD-3-Clause",
      "dependencies": {
        "@lumino/algorithm": "^2.0.4",
        "@lumino/coreutils": "^2.2.2",
        "@lumino/disposable": "^2.1.5",
        "@lumino/domutils": "^2.0.4",
        "@lumino/keyboard": "^2.0.4",
        "@lumino/signaling": "^2.1.5",
        "@lumino/virtualdom": "^2.0.4"
      }
    },
    "node_modules/@lumino/coreutils": {
      "version": "2.2.2",
      "resolved": "https://registry.npmjs.org/@lumino/coreutils/-/coreutils-2.2.2.tgz",
      "integrity": "sha512-zaKJaK7rawPATn2BGHkbMrR6oK3s9PxNe9KreLwWF2dB4ZBHDiEmNLRyHRorfJ7XqVOEXAsAAj0jFn+qJPC/4Q==",
      "license": "BSD-3-Clause",
      "dependencies": {
        "@lumino/algorithm": "^2.0.4"
      }
    },
    "node_modules/@lumino/default-theme": {
      "version": "2.1.14",
      "resolved": "https://registry.npmjs.org/@lumino/default-theme/-/default-theme-2.1.14.tgz",
      "integrity": "sha512-l51WFB1BoIVfR1OSxS2quJqcdRXvG1bRPD7R4fcjmaBm8+SeSlH9q0zSWgd5hn1FTib0O04Y8Mdg5sT/MgJx2A==",
      "license": "BSD-3-Clause",
      "dependencies": {
        "@lumino/dragdrop": "^2.1.8",
        "@lumino/widgets": "^2.7.5"
      }
    },
    "node_modules/@lumino/disposable": {
      "version": "2.1.5",
      "resolved": "https://registry.npmjs.org/@lumino/disposable/-/disposable-2.1.5.tgz",
      "integrity": "sha512-hO9AkJK0oEGzxopuxI8LaZqwzSNwXJTGCdr5K4gh6al+zxpN7rOCh6Aq3zDxkIHJU4zybxv8r02ardx9XJsG3A==",
      "license": "BSD-3-Clause",
      "dependencies": {
        "@lumino/signaling": "^2.1.5"
      }
    },
    "node_modules/@lumino/domutils": {
      "version": "2.0.4",
      "resolved": "https://registry.npmjs.org/@lumino/domutils/-/domutils-2.0.4.tgz",
      "integrity": "sha512-naYGUQn3e0CLtz/tjKOZP8SOBg0SW7EguhkxLpNUXlVUvx7rVsfr0VI22FVL+jgI0FbxXpEkxpSMxtK73jxJAg==",
      "license": "BSD-3-Clause"
    },
    "node_modules/@lumino/dragdrop": {
      "version": "2.1.8",
      "resolved": "https://registry.npmjs.org/@lumino/dragdrop/-/dragdrop-2.1.8.tgz",
      "integrity": "sha512-5sBYkTka598+XsgjY2tWOC+WYCh9NEgx8RhLvQ3x+V182YhcpEXw38RWGQZyNpQ4m4vtQWKv42A26q+ae6sMwg==",
      "license": "BSD-3-Clause",
      "dependencies": {
        "@lumino/coreutils": "^2.2.2",
        "@lumino/disposable": "^2.1.5"
      }
    },
    "node_modules/@lumino/keyboard": {
      "version": "2.0.4",
      "resolved": "https://registry.npmjs.org/@lumino/keyboard/-/keyboard-2.0.4.tgz",
      "integrity": "sha512-kIVkdSz8F5wtZr8hZp0CMX+E0eMCOnFH6XCT7j2UBQ80ERJHFy0eX+IbNo3dtRQ7+CcDhBV4hQquFNFa+/04QQ==",
      "license": "BSD-3-Clause"
    },
    "node_modules/@lumino/messaging": {
      "version": "2.0.4",
      "resolved": "https://registry.npmjs.org/@lumino/messaging/-/messaging-2.0.4.tgz",
      "integrity": "sha512-NbZnchAPOciSe9Qn/g6EzG0LRaw7bygFIXbCD440ZhzvugdBeAerwYhrA795jkXPNrrl3olp5AlO0cBB/XZNtg==",
      "license": "BSD-3-Clause",
      "dependencies": {
        "@lumino/algorithm": "^2.0.4",
        "@lumino/collections": "^2.0.4"
      }
    },
    "node_modules/@lumino/properties": {
      "version": "2.0.4",
      "resolved": "https://registry.npmjs.org/@lumino/properties/-/properties-2.0.4.tgz",
      "integrity": "sha512-XsL2qLZk+1FbfuTrkyjciI8PMDw3YcaBkqVQ+iv7OOJf9bUlrmTpCMY0Hu5d3hV2W3TWlRsdbvRRLEBJSKv0iA==",
      "license": "BSD-3-Clause"
    },
    "node_modules/@lumino/signaling": {
      "version": "2.1.5",
      "resolved": "https://registry.npmjs.org/@lumino/signaling/-/signaling-2.1.5.tgz",
      "integrity": "sha512-Wkx6WR45ynmKBlW0GBEoh4xk9+QluKr1JHuMftqcStBHSQBCnN54UKRRDbySXHGRhhx6p4neu7sGomgQSlQK8w==",
      "license": "BSD-3-Clause",
      "dependencies": {
        "@lumino/algorithm": "^2.0.4",
        "@lumino/coreutils": "^2.2.2"
      }
    },
    "node_modules/@lumino/virtualdom": {
      "version": "2.0.4",
      "resolved": "https://registry.npmjs.org/@lumino/virtualdom/-/virtualdom-2.0.4.tgz",
      "integrity": "sha512-7MFthA9KUsqZTGm/D98FZt1QupjIGyd3XyB4SIugn6DQAqhjBiyykCZydnRq3qmuMHybQel33dNIbHpzyNyQwA==",
      "license": "BSD-3-Clause",
      "dependencies": {
        "@lumino/algorithm": "^2.0.4"
      }
    },
    "node_modules/@lumino/widgets": {
      "version": "2.7.5",
      "resolved": "https://registry.npmjs.org/@lumino/widgets/-/widgets-2.7.5.tgz",
      "integrity": "sha512-i11PlbTsZYIvC/uhcC4FeeLnu/7vveG8WzXFbxPunjT1yGjleqQIPlpMOAJ5d4PwCKqeM8LYttYke6ZOXvXDLA==",
      "license": "BSD-3-Clause",
      "dependencies": {
        "@lumino/algorithm": "^2.0.4",
        "@lumino/commands": "^2.3.3",
        "@lumino/coreutils": "^2.2.2",
        "@lumino/disposable": "^2.1.5",
        "@lumino/domutils": "^2.0.4",
        "@lumino/dragdrop": "^2.1.8",
        "@lumino/keyboard": "^2.0.4",
        "@lumino/messaging": "^2.0.4",
        "@lumino/properties": "^2.0.4",
        "@lumino/signaling": "^2.1.5",
        "@lumino/virtualdom": "^2.0.4"
      }
    },
    "node_modules/esbuild": {
      "version": "0.25.12",
      "resolved": "https://registry.npmjs.org/esbuild/-/esbuild-0.25.12.tgz",
      "integrity": "sha512-bbPBYYrtZbkt6Os6FiTLCTFxvq4tt3JKall1vRwshA3fdVztsLAatFaZobhkBC8/BrPetoa0oksYoKXoG4ryJg==",
      "dev": true,
      "hasInstallScript": true,
      "license": "MIT",
      "bin": {
        "esbuild": "bin/esbuild"
      },
      "engines": {
        "node": ">=18"
      },
      "optionalDependencies": {
        "@esbuild/aix-ppc64": "0.25.12",
        "@esbuild/android-arm": "0.25.12",
        "@esbuild/android-arm64": "0.25.12",
        "@esbuild/android-x64": "0.25.12",
        "@esbuild/darwin-arm64": "0.25.12",
        "@esbuild/darwin-x64": "0.25.12",
        "@esbuild/freebsd-arm64": "0.25.12",
        "@esbuild/freebsd-x64": "0.25.12",
        "@esbuild/linux-arm": "0.25.12",
        "@esbuild/linux-arm64": "0.25.12",
        "@esbuild/linux-ia32": "0.25.12",
        "@esbuild/linux-loong64": "0.25.12",
        "@esbuild/linux-mips64el": "0.25.12",
        "@esbuild/linux-ppc64": "0.25.12",
        "@esbuild/linux-riscv64": "0.25.12",
        "@esbuild/linux-s390x": "0.25.12",
        "@esbuild/linux-x64": "0.25.12",
        "@esbuild/netbsd-arm64": "0.25.12",
        "@esbuild/netbsd-x64": "0.25.12",
        "@esbuild/openbsd-arm64": "0.25.12",
        "@esbuild/openbsd-x64": "0.25.12",
        "@esbuild/openharmony-arm64": "0.25.12",
        "@esbuild/sunos-x64": "0.25.12",
        "@esbuild/win32-arm64": "0.25.12",
        "@esbuild/win32-ia32": "0.25.12",
        "@esbuild/win32-x64": "0.25.12"
      }
    },
    "node_modules/font-awesome": {
      "version": "4.7.0",
      "resolved": "https://registry.npmjs.org/font-awesome/-/font-awesome-4.7.0.tgz",
      "integrity": "sha512-U6kGnykA/6bFmg1M/oT9EkFeIYv7JlX3bozwQJWiiLz6L0w3F5vBVPxHlwyX/vtNq1ckcpRKOB9f2Qal/VtFpg==",
      "license": "(OFL-1.1 AND MIT)",
      "engines": {
        "node": ">=0.10.3"
      }
    },
    "node_modules/highlight.js": {
      "version": "11.11.1",
      "resolved": "https://registry.npmjs.org/highlight.js/-/highlight.js-11.11.1.tgz",
      "integrity": "sha512-Xwwo44whKBVCYoliBQwaPvtd/2tYFkRQtXDWj1nackaV2JPXx3L0+Jvd8/qCJ2p+ML0/XVkJ2q+Mr+UVdpJK5w==",
      "license": "BSD-3-Clause",
      "engines": {
        "node": ">=12.0.0"
      }
    },
    "node_modules/hyparquet": {
      "version": "1.25.1",
      "resolved": "https://registry.npmjs.org/hyparquet/-/hyparquet-1.25.1.tgz",
      "integrity": "sha512-CXcN/u6RdQqsK8IphUptpAEqY8IzgwzHY+MuXX+2wpoWTumfxPVr6JYbbywsNsiAl9aEbM5sRtxkwRBa22b49w==",
      "license": "MIT"
    },
    "node_modules/marked": {
      "version": "17.0.5",
      "resolved": "https://registry.npmjs.org/marked/-/marked-17.0.5.tgz",
      "integrity": "sha512-6hLvc0/JEbRjRgzI6wnT2P1XuM1/RrrDEX0kPt0N7jGm1133g6X7DlxFasUIx+72aKAr904GTxhSLDrd5DIlZg==",
      "license": "MIT",
      "bin": {
        "marked": "bin/marked.js"
      },
      "engines": {
        "node": ">= 20"
      }
    },
    "node_modules/marked-highlight": {
      "version": "2.2.3",
      "resolved": "https://registry.npmjs.org/marked-highlight/-/marked-highlight-2.2.3.tgz",
      "integrity": "sha512-FCfZRxW/msZAiasCML4isYpxyQWKEEx44vOgdn5Kloae+Qc3q4XR7WjpKKf8oMLk7JP9ZCRd2vhtclJFdwxlWQ==",
      "license": "MIT",
      "peerDependencies": {
        "marked": ">=4 <18"
      }
    },
    "node_modules/typescript": {
      "version": "5.9.3",
      "resolved": "https://registry.npmjs.org/typescript/-/typescript-5.9.3.tgz",
      "integrity": "sha512-jl1vZzPDinLr9eUt3J/t7V6FgNEw9QjvBPdysz9KfQDD41fQrC2Y4vKQdiaUpFT4bXlb1RHhLpp8wtm6M5TgSw==",
      "dev": true,
      "license": "Apache-2.0",
      "bin": {
        "tsc": "bin/tsc",
        "tsserver": "bin/tsserver"
      },
      "engines": {
        "node": ">=14.17"
      }
    }
  }
}
